// !$*UTF8*$!
{
	archiveVersion = 1;
	classes = {
	};
	objectVersion = 51;
	objects = {

/* Begin PBXBuildFile section */
		DF68B3E844A40D4C35F2072E /* Pods_BookZone.framework in Frameworks */ = {isa = PBXBuildFile; fileRef = 631142FF12AC485DD45BB5F7 /* Pods_BookZone.framework */; };
		F57D29DA24E278400001D4C4 /* AppDelegate.swift in Sources */ = {isa = PBXBuildFile; fileRef = F57D29D924E278400001D4C4 /* AppDelegate.swift */; };
		F57D29DC24E278400001D4C4 /* SceneDelegate.swift in Sources */ = {isa = PBXBuildFile; fileRef = F57D29DB24E278400001D4C4 /* SceneDelegate.swift */; };
		F57D29DE24E278400001D4C4 /* ViewController.swift in Sources */ = {isa = PBXBuildFile; fileRef = F57D29DD24E278400001D4C4 /* ViewController.swift */; };
		F57D29E124E278400001D4C4 /* Main.storyboard in Resources */ = {isa = PBXBuildFile; fileRef = F57D29DF24E278400001D4C4 /* Main.storyboard */; };
		F57D29E324E278410001D4C4 /* Assets.xcassets in Resources */ = {isa = PBXBuildFile; fileRef = F57D29E224E278410001D4C4 /* Assets.xcassets */; };
		F57D29E624E278410001D4C4 /* LaunchScreen.storyboard in Resources */ = {isa = PBXBuildFile; fileRef = F57D29E424E278410001D4C4 /* LaunchScreen.storyboard */; };
		F57D29F624E279C00001D4C4 /* AppleTextRecognizer.swift in Sources */ = {isa = PBXBuildFile; fileRef = F57D29F524E279C00001D4C4 /* AppleTextRecognizer.swift */; };
/* End PBXBuildFile section */

/* Begin PBXFileReference section */
		4809AE4BBDA597008585503A /* Pods-BookZone.debug.xcconfig */ = {isa = PBXFileReference; includeInIndex = 1; lastKnownFileType = text.xcconfig; name = "Pods-BookZone.debug.xcconfig"; path = "Target Support Files/Pods-BookZone/Pods-BookZone.debug.xcconfig"; sourceTree = "<group>"; };
		631142FF12AC485DD45BB5F7 /* Pods_BookZone.framework */ = {isa = PBXFileReference; explicitFileType = wrapper.framework; includeInIndex = 0; path = Pods_BookZone.framework; sourceTree = BUILT_PRODUCTS_DIR; };
		E4466345ABFD86AAD0C0A744 /* Pods-BookZone.release.xcconfig */ = {isa = PBXFileReference; includeInIndex = 1; lastKnownFileType = text.xcconfig; name = "Pods-BookZone.release.xcconfig"; path = "Target Support Files/Pods-BookZone/Pods-BookZone.release.xcconfig"; sourceTree = "<group>"; };
		F57D29D624E278400001D4C4 /* BookZone.app */ = {isa = PBXFileReference; explicitFileType = wrapper.application; includeInIndex = 0; path = BookZone.app; sourceTree = BUILT_PRODUCTS_DIR; };
		F57D29D924E278400001D4C4 /* AppDelegate.swift */ = {isa = PBXFileReference; lastKnownFileType = sourcecode.swift; path = AppDelegate.swift; sourceTree = "<group>"; };
		F57D29DB24E278400001D4C4 /* SceneDelegate.swift */ = {isa = PBXFileReference; lastKnownFileType = sourcecode.swift; path = SceneDelegate.swift; sourceTree = "<group>"; };
		F57D29DD24E278400001D4C4 /* ViewController.swift */ = {isa = PBXFileReference; lastKnownFileType = sourcecode.swift; path = ViewController.swift; sourceTree = "<group>"; };
		F57D29E024E278400001D4C4 /* Base */ = {isa = PBXFileReference; lastKnownFileType = file.storyboard; name = Base; path = Base.lproj/Main.storyboard; sourceTree = "<group>"; };
		F57D29E224E278410001D4C4 /* Assets.xcassets */ = {isa = PBXFileReference; lastKnownFileType = folder.assetcatalog; path = Assets.xcassets; sourceTree = "<group>"; };
		F57D29E524E278410001D4C4 /* Base */ = {isa = PBXFileReference; lastKnownFileType = file.storyboard; name = Base; path = Base.lproj/LaunchScreen.storyboard; sourceTree = "<group>"; };
		F57D29E724E278410001D4C4 /* Info.plist */ = {isa = PBXFileReference; lastKnownFileType = text.plist.xml; path = Info.plist; sourceTree = "<group>"; };
		F57D29F524E279C00001D4C4 /* AppleTextRecognizer.swift */ = {isa = PBXFileReference; lastKnownFileType = sourcecode.swift; path = AppleTextRecognizer.swift; sourceTree = "<group>"; };
/* End PBXFileReference section */

/* Begin PBXFrameworksBuildPhase section */
		F57D29D324E278400001D4C4 /* Frameworks */ = {
			isa = PBXFrameworksBuildPhase;
			buildActionMask = 2147483647;
			files = (
				DF68B3E844A40D4C35F2072E /* Pods_BookZone.framework in Frameworks */,
			);
			runOnlyForDeploymentPostprocessing = 0;
		};
/* End PBXFrameworksBuildPhase section */

/* Begin PBXGroup section */
		3E5108F90D14026A1D132909 /* Pods */ = {
			isa = PBXGroup;
			children = (
				4809AE4BBDA597008585503A /* Pods-BookZone.debug.xcconfig */,
				E4466345ABFD86AAD0C0A744 /* Pods-BookZone.release.xcconfig */,
			);
			path = Pods;
			sourceTree = "<group>";
		};
		699D375C12F16CA3DDAC9910 /* Frameworks */ = {
			isa = PBXGroup;
			children = (
				631142FF12AC485DD45BB5F7 /* Pods_BookZone.framework */,
			);
			name = Frameworks;
			sourceTree = "<group>";
		};
		F57D29CD24E278400001D4C4 = {
			isa = PBXGroup;
			children = (
				F57D29D824E278400001D4C4 /* BookZone */,
				F57D29D724E278400001D4C4 /* Products */,
				3E5108F90D14026A1D132909 /* Pods */,
				699D375C12F16CA3DDAC9910 /* Frameworks */,
			);
			sourceTree = "<group>";
		};
		F57D29D724E278400001D4C4 /* Products */ = {
			isa = PBXGroup;
			children = (
				F57D29D624E278400001D4C4 /* BookZone.app */,
			);
			name = Products;
			sourceTree = "<group>";
		};
		F57D29D824E278400001D4C4 /* BookZone */ = {
			isa = PBXGroup;
			children = (
				F57D29D924E278400001D4C4 /* AppDelegate.swift */,
				F57D29DB24E278400001D4C4 /* SceneDelegate.swift */,
				F57D29ED24E278540001D4C4 /* Model */,
				F57D29EE24E2785B0001D4C4 /* View */,
				F57D29F024E278690001D4C4 /* Controller */,
				F57D29F224E278A20001D4C4 /* Helpers */,
				F57D29F124E278880001D4C4 /* Assets */,
				F57D29E724E278410001D4C4 /* Info.plist */,
			);
			path = BookZone;
			sourceTree = "<group>";
		};
		F57D29ED24E278540001D4C4 /* Model */ = {
			isa = PBXGroup;
			children = (
			);
			path = Model;
			sourceTree = "<group>";
		};
		F57D29EE24E2785B0001D4C4 /* View */ = {
			isa = PBXGroup;
			children = (
				F57D29DF24E278400001D4C4 /* Main.storyboard */,
			);
			path = View;
			sourceTree = "<group>";
		};
		F57D29F024E278690001D4C4 /* Controller */ = {
			isa = PBXGroup;
			children = (
				F57D29DD24E278400001D4C4 /* ViewController.swift */,
			);
			path = Controller;
			sourceTree = "<group>";
		};
		F57D29F124E278880001D4C4 /* Assets */ = {
			isa = PBXGroup;
			children = (
				F57D29E424E278410001D4C4 /* LaunchScreen.storyboard */,
				F57D29E224E278410001D4C4 /* Assets.xcassets */,
			);
			path = Assets;
			sourceTree = "<group>";
		};
		F57D29F224E278A20001D4C4 /* Helpers */ = {
			isa = PBXGroup;
			children = (
				F57D29F424E279AF0001D4C4 /* Apple */,
			);
			path = Helpers;
			sourceTree = "<group>";
		};
		F57D29F424E279AF0001D4C4 /* Apple */ = {
			isa = PBXGroup;
			children = (
				F57D29F524E279C00001D4C4 /* AppleTextRecognizer.swift */,
			);
			path = Apple;
			sourceTree = "<group>";
		};
/* End PBXGroup section */

/* Begin PBXNativeTarget section */
		F57D29D524E278400001D4C4 /* BookZone */ = {
			isa = PBXNativeTarget;
			buildConfigurationList = F57D29EA24E278410001D4C4 /* Build configuration list for PBXNativeTarget "BookZone" */;
			buildPhases = (
				C17C5895ECAA0D4DC57167D8 /* [CP] Check Pods Manifest.lock */,
				F57D29D224E278400001D4C4 /* Sources */,
				F57D29D324E278400001D4C4 /* Frameworks */,
				F57D29D424E278400001D4C4 /* Resources */,
			);
			buildRules = (
			);
			dependencies = (
			);
			name = BookZone;
			productName = BookZone;
			productReference = F57D29D624E278400001D4C4 /* BookZone.app */;
			productType = "com.apple.product-type.application";
		};
/* End PBXNativeTarget section */

/* Begin PBXProject section */
		F57D29CE24E278400001D4C4 /* Project object */ = {
			isa = PBXProject;
			attributes = {
				LastSwiftUpdateCheck = 1160;
				LastUpgradeCheck = 1160;
				ORGANIZATIONNAME = "Paianu Vlad-Valentin";
				TargetAttributes = {
					F57D29D524E278400001D4C4 = {
						CreatedOnToolsVersion = 11.6;
					};
				};
			};
			buildConfigurationList = F57D29D124E278400001D4C4 /* Build configuration list for PBXProject "BookZone" */;
			compatibilityVersion = "Xcode 9.3";
			developmentRegion = en;
			hasScannedForEncodings = 0;
			knownRegions = (
				en,
				Base,
			);
			mainGroup = F57D29CD24E278400001D4C4;
			productRefGroup = F57D29D724E278400001D4C4 /* Products */;
			projectDirPath = "";
			projectRoot = "";
			targets = (
				F57D29D524E278400001D4C4 /* BookZone */,
			);
		};
/* End PBXProject section */

/* Begin PBXResourcesBuildPhase section */
		F57D29D424E278400001D4C4 /* Resources */ = {
			isa = PBXResourcesBuildPhase;
			buildActionMask = 2147483647;
			files = (
				F57D29E624E278410001D4C4 /* LaunchScreen.storyboard in Resources */,
				F57D29E324E278410001D4C4 /* Assets.xcassets in Resources */,
				F57D29E124E278400001D4C4 /* Main.storyboard in Resources */,
			);
			runOnlyForDeploymentPostprocessing = 0;
		};
/* End PBXResourcesBuildPhase section */

/* Begin PBXShellScriptBuildPhase section */
		C17C5895ECAA0D4DC57167D8 /* [CP] Check Pods Manifest.lock */ = {
			isa = PBXShellScriptBuildPhase;
			buildActionMask = 2147483647;
			files = (
			);
			inputFileListPaths = (
			);
			inputPaths = (
				"${PODS_PODFILE_DIR_PATH}/Podfile.lock",
				"${PODS_ROOT}/Manifest.lock",
			);
			name = "[CP] Check Pods Manifest.lock";
			outputFileListPaths = (
			);
			outputPaths = (
				"$(DERIVED_FILE_DIR)/Pods-BookZone-checkManifestLockResult.txt",
			);
			runOnlyForDeploymentPostprocessing = 0;
			shellPath = /bin/sh;
			shellScript = "diff \"${PODS_PODFILE_DIR_PATH}/Podfile.lock\" \"${PODS_ROOT}/Manifest.lock\" > /dev/null\nif [ $? != 0 ] ; then\n    # print error to STDERR\n    echo \"error: The sandbox is not in sync with the Podfile.lock. Run 'pod install' or update your CocoaPods installation.\" >&2\n    exit 1\nfi\n# This output is used by Xcode 'outputs' to avoid re-running this script phase.\necho \"SUCCESS\" > \"${SCRIPT_OUTPUT_FILE_0}\"\n";
			showEnvVarsInLog = 0;
		};
/* End PBXShellScriptBuildPhase section */

/* Begin PBXSourcesBuildPhase section */
		F57D29D224E278400001D4C4 /* Sources */ = {
			isa = PBXSourcesBuildPhase;
			buildActionMask = 2147483647;
			files = (
				F57D29DE24E278400001D4C4 /* ViewController.swift in Sources */,
				F57D29DA24E278400001D4C4 /* AppDelegate.swift in Sources */,
				F57D29DC24E278400001D4C4 /* SceneDelegate.swift in Sources */,
				F57D29F624E279C00001D4C4 /* AppleTextRecognizer.swift in Sources */,
			);
			runOnlyForDeploymentPostprocessing = 0;
		};
/* End PBXSourcesBuildPhase section */

/* Begin PBXVariantGroup section */
		F57D29DF24E278400001D4C4 /* Main.storyboard */ = {
			isa = PBXVariantGroup;
			children = (
				F57D29E024E278400001D4C4 /* Base */,
			);
			name = Main.storyboard;
			sourceTree = "<group>";
		};
		F57D29E424E278410001D4C4 /* LaunchScreen.storyboard */ = {
			isa = PBXVariantGroup;
			children = (
				F57D29E524E278410001D4C4 /* Base */,
			);
			name = LaunchScreen.storyboard;
			sourceTree = "<group>";
		};
/* End PBXVariantGroup section */

/* Begin XCBuildConfiguration section */
		F57D29E824E278410001D4C4 /* Debug */ = {
			isa = XCBuildConfiguration;
			buildSettings = {
				ALWAYS_SEARCH_USER_PATHS = NO;
				CLANG_ANALYZER_NONNULL = YES;
				CLANG_ANALYZER_NUMBER_OBJECT_CONVERSION = YES_AGGRESSIVE;
				CLANG_CXX_LANGUAGE_STANDARD = "gnu++14";
				CLANG_CXX_LIBRARY = "libc++";
				CLANG_ENABLE_MODULES = YES;
				CLANG_ENABLE_OBJC_ARC = YES;
				CLANG_ENABLE_OBJC_WEAK = YES;
				CLANG_WARN_BLOCK_CAPTURE_AUTORELEASING = YES;
				CLANG_WARN_BOOL_CONVERSION = YES;
				CLANG_WARN_COMMA = YES;
				CLANG_WARN_CONSTANT_CONVERSION = YES;
				CLANG_WARN_DEPRECATED_OBJC_IMPLEMENTATIONS = YES;
				CLANG_WARN_DIRECT_OBJC_ISA_USAGE = YES_ERROR;
				CLANG_WARN_DOCUMENTATION_COMMENTS = YES;
				CLANG_WARN_EMPTY_BODY = YES;
				CLANG_WARN_ENUM_CONVERSION = YES;
				CLANG_WARN_INFINITE_RECURSION = YES;
				CLANG_WARN_INT_CONVERSION = YES;
				CLANG_WARN_NON_LITERAL_NULL_CONVERSION = YES;
				CLANG_WARN_OBJC_IMPLICIT_RETAIN_SELF = YES;
				CLANG_WARN_OBJC_LITERAL_CONVERSION = YES;
				CLANG_WARN_OBJC_ROOT_CLASS = YES_ERROR;
				CLANG_WARN_RANGE_LOOP_ANALYSIS = YES;
				CLANG_WARN_STRICT_PROTOTYPES = YES;
				CLANG_WARN_SUSPICIOUS_MOVE = YES;
				CLANG_WARN_UNGUARDED_AVAILABILITY = YES_AGGRESSIVE;
				CLANG_WARN_UNREACHABLE_CODE = YES;
				CLANG_WARN__DUPLICATE_METHOD_MATCH = YES;
				COPY_PHASE_STRIP = NO;
				DEBUG_INFORMATION_FORMAT = dwarf;
				ENABLE_STRICT_OBJC_MSGSEND = YES;
				ENABLE_TESTABILITY = YES;
				GCC_C_LANGUAGE_STANDARD = gnu11;
				GCC_DYNAMIC_NO_PIC = NO;
				GCC_NO_COMMON_BLOCKS = YES;
				GCC_OPTIMIZATION_LEVEL = 0;
				GCC_PREPROCESSOR_DEFINITIONS = (
					"DEBUG=1",
					"$(inherited)",
				);
				GCC_WARN_64_TO_32_BIT_CONVERSION = YES;
				GCC_WARN_ABOUT_RETURN_TYPE = YES_ERROR;
				GCC_WARN_UNDECLARED_SELECTOR = YES;
				GCC_WARN_UNINITIALIZED_AUTOS = YES_AGGRESSIVE;
				GCC_WARN_UNUSED_FUNCTION = YES;
				GCC_WARN_UNUSED_VARIABLE = YES;
				IPHONEOS_DEPLOYMENT_TARGET = 13.6;
				MTL_ENABLE_DEBUG_INFO = INCLUDE_SOURCE;
				MTL_FAST_MATH = YES;
				ONLY_ACTIVE_ARCH = YES;
				SDKROOT = iphoneos;
				SWIFT_ACTIVE_COMPILATION_CONDITIONS = DEBUG;
				SWIFT_OPTIMIZATION_LEVEL = "-Onone";
			};
			name = Debug;
		};
		F57D29E924E278410001D4C4 /* Release */ = {
			isa = XCBuildConfiguration;
			buildSettings = {
				ALWAYS_SEARCH_USER_PATHS = NO;
				CLANG_ANALYZER_NONNULL = YES;
				CLANG_ANALYZER_NUMBER_OBJECT_CONVERSION = YES_AGGRESSIVE;
				CLANG_CXX_LANGUAGE_STANDARD = "gnu++14";
				CLANG_CXX_LIBRARY = "libc++";
				CLANG_ENABLE_MODULES = YES;
				CLANG_ENABLE_OBJC_ARC = YES;
				CLANG_ENABLE_OBJC_WEAK = YES;
				CLANG_WARN_BLOCK_CAPTURE_AUTORELEASING = YES;
				CLANG_WARN_BOOL_CONVERSION = YES;
				CLANG_WARN_COMMA = YES;
				CLANG_WARN_CONSTANT_CONVERSION = YES;
				CLANG_WARN_DEPRECATED_OBJC_IMPLEMENTATIONS = YES;
				CLANG_WARN_DIRECT_OBJC_ISA_USAGE = YES_ERROR;
				CLANG_WARN_DOCUMENTATION_COMMENTS = YES;
				CLANG_WARN_EMPTY_BODY = YES;
				CLANG_WARN_ENUM_CONVERSION = YES;
				CLANG_WARN_INFINITE_RECURSION = YES;
				CLANG_WARN_INT_CONVERSION = YES;
				CLANG_WARN_NON_LITERAL_NULL_CONVERSION = YES;
				CLANG_WARN_OBJC_IMPLICIT_RETAIN_SELF = YES;
				CLANG_WARN_OBJC_LITERAL_CONVERSION = YES;
				CLANG_WARN_OBJC_ROOT_CLASS = YES_ERROR;
				CLANG_WARN_RANGE_LOOP_ANALYSIS = YES;
				CLANG_WARN_STRICT_PROTOTYPES = YES;
				CLANG_WARN_SUSPICIOUS_MOVE = YES;
				CLANG_WARN_UNGUARDED_AVAILABILITY = YES_AGGRESSIVE;
				CLANG_WARN_UNREACHABLE_CODE = YES;
				CLANG_WARN__DUPLICATE_METHOD_MATCH = YES;
				COPY_PHASE_STRIP = NO;
				DEBUG_INFORMATION_FORMAT = "dwarf-with-dsym";
				ENABLE_NS_ASSERTIONS = NO;
				ENABLE_STRICT_OBJC_MSGSEND = YES;
				GCC_C_LANGUAGE_STANDARD = gnu11;
				GCC_NO_COMMON_BLOCKS = YES;
				GCC_WARN_64_TO_32_BIT_CONVERSION = YES;
				GCC_WARN_ABOUT_RETURN_TYPE = YES_ERROR;
				GCC_WARN_UNDECLARED_SELECTOR = YES;
				GCC_WARN_UNINITIALIZED_AUTOS = YES_AGGRESSIVE;
				GCC_WARN_UNUSED_FUNCTION = YES;
				GCC_WARN_UNUSED_VARIABLE = YES;
				IPHONEOS_DEPLOYMENT_TARGET = 13.6;
				MTL_ENABLE_DEBUG_INFO = NO;
				MTL_FAST_MATH = YES;
				SDKROOT = iphoneos;
				SWIFT_COMPILATION_MODE = wholemodule;
				SWIFT_OPTIMIZATION_LEVEL = "-O";
				VALIDATE_PRODUCT = YES;
			};
			name = Release;
		};
		F57D29EB24E278410001D4C4 /* Debug */ = {
			isa = XCBuildConfiguration;
			baseConfigurationReference = 4809AE4BBDA597008585503A /* Pods-BookZone.debug.xcconfig */;
			buildSettings = {
				ASSETCATALOG_COMPILER_APPICON_NAME = AppIcon;
				CODE_SIGN_STYLE = Automatic;
				DEVELOPMENT_TEAM = J9Y5MLR4Q4;
				INFOPLIST_FILE = BookZone/Info.plist;
				LD_RUNPATH_SEARCH_PATHS = (
					"$(inherited)",
					"@executable_path/Frameworks",
				);
				PRODUCT_BUNDLE_IDENTIFIER = com.vladpaianu.BookZone;
				PRODUCT_NAME = "$(TARGET_NAME)";
				SWIFT_VERSION = 5.0;
				TARGETED_DEVICE_FAMILY = "1,2";
			};
			name = Debug;
		};
		F57D29EC24E278410001D4C4 /* Release */ = {
			isa = XCBuildConfiguration;
			baseConfigurationReference = E4466345ABFD86AAD0C0A744 /* Pods-BookZone.release.xcconfig */;
			buildSettings = {
				ASSETCATALOG_COMPILER_APPICON_NAME = AppIcon;
				CODE_SIGN_STYLE = Automatic;
				DEVELOPMENT_TEAM = J9Y5MLR4Q4;
				INFOPLIST_FILE = BookZone/Info.plist;
				LD_RUNPATH_SEARCH_PATHS = (
					"$(inherited)",
					"@executable_path/Frameworks",
				);
				PRODUCT_BUNDLE_IDENTIFIER = com.vladpaianu.BookZone;
				PRODUCT_NAME = "$(TARGET_NAME)";
				SWIFT_VERSION = 5.0;
				TARGETED_DEVICE_FAMILY = "1,2";
			};
			name = Release;
		};
/* End XCBuildConfiguration section */

/* Begin XCConfigurationList section */
		F57D29D124E278400001D4C4 /* Build configuration list for PBXProject "BookZone" */ = {
			isa = XCConfigurationList;
			buildConfigurations = (
				F57D29E824E278410001D4C4 /* Debug */,
				F57D29E924E278410001D4C4 /* Release */,
			);
			defaultConfigurationIsVisible = 0;
			defaultConfigurationName = Release;
		};
		F57D29EA24E278410001D4C4 /* Build configuration list for PBXNativeTarget "BookZone" */ = {
			isa = XCConfigurationList;
			buildConfigurations = (
				F57D29EB24E278410001D4C4 /* Debug */,
				F57D29EC24E278410001D4C4 /* Release */,
			);
			defaultConfigurationIsVisible = 0;
			defaultConfigurationName = Release;
		};
/* End XCConfigurationList section */
	};
	rootObject = F57D29CE24E278400001D4C4 /* Project object */;
}
